{
  "nodes": {
    "nixpkgs": {
      "locked": {
        "lastModified": 1778091918,
        "narHash": "sha256-n32/dWcNl/YiXLt3lh25H4RXSdOGh5nhnu5rTZSiydM=",
        "owner": "nixos",
        "repo": "nixpkgs",
        "rev": "83090f932d9b7d5e3699f0ba891001760d3a9cc1",
        "type": "github"
      },
      "original": {
        "owner": "nixos",
        "ref": "release-25.11",
        "repo": "nixpkgs",
        "type": "github"
      }
    },
    "root": {
      "inputs": {
        "nixpkgs": "nixpkgs"
      }
    }
  },
  "root": "root",
  "version": 7
}
